
Microsoft Visual Studio Solution File, Format Version 12.00
# Visual Studio 15
VisualStudioVersion = 15.0.27703.2000
MinimumVisualStudioVersion = 10.0.40219.1
Project("{9A19103F-16F7-4668-BE54-9A1E7A4F7556}") = "RabbitMQProduct", "RabbitMQProduct\RabbitMQProduct.csproj", "{D2740216-6147-4E48-955B-90CEAB83178A}"
EndProject
Project("{9A19103F-16F7-4668-BE54-9A1E7A4F7556}") = "RabbitMQConsumer", "RabbitMQConsumer\RabbitMQConsumer.csproj", "{7E82DF3A-49F3-4A82-A902-7F84ECB624C7}"
EndProject
Project("{2150E333-8FDC-42A3-9474-1A3956D46DE8}") = "01Hellow World", "01Hellow World", "{CF41BFFF-3AB1-443A-BE10-36ADE1E2E4F0}"
EndProject
Project("{2150E333-8FDC-42A3-9474-1A3956D46DE8}") = "官方文档", "官方文档", "{CE589C92-BC78-44A7-BF65-CB3F486E2A17}"
EndProject
Project("{9A19103F-16F7-4668-BE54-9A1E7A4F7556}") = "Send", "Send\Send.csproj", "{BC4B42C1-0D6B-4505-9E72-5EC1B4BEC82A}"
EndProject
Project("{9A19103F-16F7-4668-BE54-9A1E7A4F7556}") = "Receive", "Receive\Receive.csproj", "{9EAB8E08-384F-4C94-A6D7-FB8CC60F5AAB}"
EndProject
Project("{2150E333-8FDC-42A3-9474-1A3956D46DE8}") = "02Work Queues", "02Work Queues", "{110F97E0-58BF-4293-8786-CFA711628517}"
EndProject
Project("{9A19103F-16F7-4668-BE54-9A1E7A4F7556}") = "NewTask", "NewTask\NewTask.csproj", "{2A1FE72D-7786-425D-AE54-19E63834F31A}"
EndProject
Project("{9A19103F-16F7-4668-BE54-9A1E7A4F7556}") = "Worker", "Worker\Worker.csproj", "{BD0CF692-EB2A-4FC3-9F64-6072C2B143A2}"
EndProject
Project("{2150E333-8FDC-42A3-9474-1A3956D46DE8}") = "03发布订阅", "03发布订阅", "{EE710244-CD04-4FD6-80FB-C012CFABDEAC}"
EndProject
Project("{9A19103F-16F7-4668-BE54-9A1E7A4F7556}") = "EmitLog", "EmitLog\EmitLog.csproj", "{630A5365-559A-4095-BF86-E2E442BC4E1D}"
EndProject
Project("{9A19103F-16F7-4668-BE54-9A1E7A4F7556}") = "ReceiveLogs", "ReceiveLogs\ReceiveLogs.csproj", "{28CBD46D-A50A-4760-ACFF-D2A8829F2528}"
EndProject
Project("{2150E333-8FDC-42A3-9474-1A3956D46DE8}") = "04Route", "04Route", "{026706F1-6DF6-4418-BABA-8B7B39736A4E}"
EndProject
Project("{9A19103F-16F7-4668-BE54-9A1E7A4F7556}") = "EmitLogDirect", "EmitLogDirect\EmitLogDirect.csproj", "{47E96E37-B2A9-4B78-8103-E1FB0CFFBDD5}"
EndProject
Project("{9A19103F-16F7-4668-BE54-9A1E7A4F7556}") = "ReceiveLogsDirect", "ReceiveLogsDirect\ReceiveLogsDirect.csproj", "{6BEFD8F7-EF79-4E1D-BCE7-0C9B3B9B9B4E}"
EndProject
Project("{2150E333-8FDC-42A3-9474-1A3956D46DE8}") = "05Topic", "05Topic", "{B7C06774-096A-4B66-A221-6818A844128C}"
EndProject
Project("{9A19103F-16F7-4668-BE54-9A1E7A4F7556}") = "EmitLogTopic", "EmitLogTopic\EmitLogTopic.csproj", "{2CA62C64-1A5F-4CE3-A5DB-C9A1E820D7D1}"
EndProject
Project("{9A19103F-16F7-4668-BE54-9A1E7A4F7556}") = "ReceiveLogsTopic", "ReceiveLogsTopic\ReceiveLogsTopic.csproj", "{DC27B6FA-8CF3-469C-9E59-B418B6A10F1C}"
EndProject
Project("{2150E333-8FDC-42A3-9474-1A3956D46DE8}") = "06RPC", "06RPC", "{CA05FEAA-D9D9-4C4A-BCB7-54762C70D2D0}"
EndProject
Project("{9A19103F-16F7-4668-BE54-9A1E7A4F7556}") = "RPCServer", "RPCServer\RPCServer.csproj", "{1AD64690-7538-4CED-9499-427B207C3F54}"
EndProject
Project("{9A19103F-16F7-4668-BE54-9A1E7A4F7556}") = "RPCClient", "RPCClient\RPCClient.csproj", "{11A3468F-9DC0-45D4-919B-9102E5EB760F}"
EndProject
Project("{2150E333-8FDC-42A3-9474-1A3956D46DE8}") = "博客文档", "博客文档", "{B642AF25-81E5-4B51-9669-FAD11238753F}"
EndProject
Project("{2150E333-8FDC-42A3-9474-1A3956D46DE8}") = "订阅发布", "订阅发布", "{72B47C90-A1B7-4408-8FEF-D74F578C65BF}"
EndProject
Project("{9A19103F-16F7-4668-BE54-9A1E7A4F7556}") = "PublishDemo", "PublishDemo\PublishDemo.csproj", "{3036EE19-5C87-4BED-ADA8-A24575A3C7D1}"
EndProject
Project("{9A19103F-16F7-4668-BE54-9A1E7A4F7556}") = "SubscribeDemo", "SubscribeDemo\SubscribeDemo.csproj", "{63DB14C1-1EC2-4838-91D5-DFC2953CA0DA}"
EndProject
Project("{2150E333-8FDC-42A3-9474-1A3956D46DE8}") = "ACK确认机制", "ACK确认机制", "{AC2EAF91-6B71-4E2E-ACF1-441FF22E99EE}"
EndProject
Project("{9A19103F-16F7-4668-BE54-9A1E7A4F7556}") = "ProductAckDemo", "ProductAckDemo\ProductAckDemo.csproj", "{998DD8C1-5F59-4679-A90E-58EF68CA5ADA}"
EndProject
Project("{9A19103F-16F7-4668-BE54-9A1E7A4F7556}") = "ConsumerAckDemo1", "ConsumerAckDemo1\ConsumerAckDemo1.csproj", "{A0303808-BEE0-4B3F-B682-85AA209B9529}"
EndProject
Project("{9A19103F-16F7-4668-BE54-9A1E7A4F7556}") = "ConsumerAckDemo2", "ConsumerAckDemo2\ConsumerAckDemo2.csproj", "{F0195AF3-D770-462F-97AF-3463671DE0E9}"
EndProject
Project("{2150E333-8FDC-42A3-9474-1A3956D46DE8}") = "Fanout模式", "Fanout模式", "{739F3D5A-54EE-479A-A9EB-2CEC74ACED68}"
EndProject
Project("{9A19103F-16F7-4668-BE54-9A1E7A4F7556}") = "FanoutProduct", "FanoutProduct\FanoutProduct.csproj", "{9C439A4E-D584-4BF7-9919-8CBA517BA096}"
EndProject
Project("{9A19103F-16F7-4668-BE54-9A1E7A4F7556}") = "FanoutCustomerA", "FanoutCustomerA\FanoutCustomerA.csproj", "{8A74EB18-8BE8-4E0B-8BF4-17ECACF5066F}"
EndProject
Project("{9A19103F-16F7-4668-BE54-9A1E7A4F7556}") = "FanoutCustomerB", "FanoutCustomerB\FanoutCustomerB.csproj", "{C27A8BEC-2FD8-44E8-A456-E0D3535E45A1}"
EndProject
Project("{2150E333-8FDC-42A3-9474-1A3956D46DE8}") = "Topic模式", "Topic模式", "{B6EE1DFE-A4FD-4AB4-A6CC-E5DB36B3008C}"
EndProject
Project("{9A19103F-16F7-4668-BE54-9A1E7A4F7556}") = "TopicProduct", "TopicProduct\TopicProduct.csproj", "{E91C84E1-6672-4F5D-A60C-D897A5A4FB7C}"
EndProject
Project("{9A19103F-16F7-4668-BE54-9A1E7A4F7556}") = "TopicCustomerA", "TopicCustomerA\TopicCustomerA.csproj", "{27EC9DEB-9536-4F54-A22D-11A401DDC0D1}"
EndProject
Project("{9A19103F-16F7-4668-BE54-9A1E7A4F7556}") = "TopicCustomerB", "TopicCustomerB\TopicCustomerB.csproj", "{AFDBE926-9ADF-4E6F-AFD7-1F63516292A5}"
EndProject
Project("{2150E333-8FDC-42A3-9474-1A3956D46DE8}") = "Hreders模式", "Hreders模式", "{E16629FC-4EB6-48D2-A8CA-8CEB7098B33C}"
EndProject
Project("{FAE04EC0-301F-11D3-BF4B-00C04F79EFBC}") = "HeadersProduct", "HeadersProduct\HeadersProduct.csproj", "{224864EF-2392-4F5A-B6F7-772F20D0E91B}"
EndProject
Project("{FAE04EC0-301F-11D3-BF4B-00C04F79EFBC}") = "HeadersConsumerA", "HeadersConsumerA\HeadersConsumerA.csproj", "{5305B57E-4515-47C6-B33C-1DFB31384576}"
EndProject
Project("{FAE04EC0-301F-11D3-BF4B-00C04F79EFBC}") = "HeadersConsumerB", "HeadersConsumerB\HeadersConsumerB.csproj", "{7AAF679E-1A12-40E6-917C-9B395F5640FB}"
EndProject
Project("{2150E333-8FDC-42A3-9474-1A3956D46DE8}") = "测试集群", "测试集群", "{457E0693-D6DF-43C4-BE1A-82B30E5D0BF8}"
EndProject
Project("{FAE04EC0-301F-11D3-BF4B-00C04F79EFBC}") = "ColonyProduct", "ColonyProduct\ColonyProduct.csproj", "{72018387-7FCD-41F0-B89F-8B10B0B36A00}"
EndProject
Project("{FAE04EC0-301F-11D3-BF4B-00C04F79EFBC}") = "ColonyConsumer", "ColonyConsumer\ColonyConsumer.csproj", "{2FC5DF38-DDD5-4875-B7D2-E09B3B4C0C1F}"
EndProject
Global
	GlobalSection(SolutionConfigurationPlatforms) = preSolution
		Debug|Any CPU = Debug|Any CPU
		Release|Any CPU = Release|Any CPU
	EndGlobalSection
	GlobalSection(ProjectConfigurationPlatforms) = postSolution
		{D2740216-6147-4E48-955B-90CEAB83178A}.Debug|Any CPU.ActiveCfg = Debug|Any CPU
		{D2740216-6147-4E48-955B-90CEAB83178A}.Debug|Any CPU.Build.0 = Debug|Any CPU
		{D2740216-6147-4E48-955B-90CEAB83178A}.Release|Any CPU.ActiveCfg = Release|Any CPU
		{D2740216-6147-4E48-955B-90CEAB83178A}.Release|Any CPU.Build.0 = Release|Any CPU
		{7E82DF3A-49F3-4A82-A902-7F84ECB624C7}.Debug|Any CPU.ActiveCfg = Debug|Any CPU
		{7E82DF3A-49F3-4A82-A902-7F84ECB624C7}.Debug|Any CPU.Build.0 = Debug|Any CPU
		{7E82DF3A-49F3-4A82-A902-7F84ECB624C7}.Release|Any CPU.ActiveCfg = Release|Any CPU
		{7E82DF3A-49F3-4A82-A902-7F84ECB624C7}.Release|Any CPU.Build.0 = Release|Any CPU
		{BC4B42C1-0D6B-4505-9E72-5EC1B4BEC82A}.Debug|Any CPU.ActiveCfg = Debug|Any CPU
		{BC4B42C1-0D6B-4505-9E72-5EC1B4BEC82A}.Debug|Any CPU.Build.0 = Debug|Any CPU
		{BC4B42C1-0D6B-4505-9E72-5EC1B4BEC82A}.Release|Any CPU.ActiveCfg = Release|Any CPU
		{BC4B42C1-0D6B-4505-9E72-5EC1B4BEC82A}.Release|Any CPU.Build.0 = Release|Any CPU
		{9EAB8E08-384F-4C94-A6D7-FB8CC60F5AAB}.Debug|Any CPU.ActiveCfg = Debug|Any CPU
		{9EAB8E08-384F-4C94-A6D7-FB8CC60F5AAB}.Debug|Any CPU.Build.0 = Debug|Any CPU
		{9EAB8E08-384F-4C94-A6D7-FB8CC60F5AAB}.Release|Any CPU.ActiveCfg = Release|Any CPU
		{9EAB8E08-384F-4C94-A6D7-FB8CC60F5AAB}.Release|Any CPU.Build.0 = Release|Any CPU
		{2A1FE72D-7786-425D-AE54-19E63834F31A}.Debug|Any CPU.ActiveCfg = Debug|Any CPU
		{2A1FE72D-7786-425D-AE54-19E63834F31A}.Debug|Any CPU.Build.0 = Debug|Any CPU
		{2A1FE72D-7786-425D-AE54-19E63834F31A}.Release|Any CPU.ActiveCfg = Release|Any CPU
		{2A1FE72D-7786-425D-AE54-19E63834F31A}.Release|Any CPU.Build.0 = Release|Any CPU
		{BD0CF692-EB2A-4FC3-9F64-6072C2B143A2}.Debug|Any CPU.ActiveCfg = Debug|Any CPU
		{BD0CF692-EB2A-4FC3-9F64-6072C2B143A2}.Debug|Any CPU.Build.0 = Debug|Any CPU
		{BD0CF692-EB2A-4FC3-9F64-6072C2B143A2}.Release|Any CPU.ActiveCfg = Release|Any CPU
		{BD0CF692-EB2A-4FC3-9F64-6072C2B143A2}.Release|Any CPU.Build.0 = Release|Any CPU
		{630A5365-559A-4095-BF86-E2E442BC4E1D}.Debug|Any CPU.ActiveCfg = Debug|Any CPU
		{630A5365-559A-4095-BF86-E2E442BC4E1D}.Debug|Any CPU.Build.0 = Debug|Any CPU
		{630A5365-559A-4095-BF86-E2E442BC4E1D}.Release|Any CPU.ActiveCfg = Release|Any CPU
		{630A5365-559A-4095-BF86-E2E442BC4E1D}.Release|Any CPU.Build.0 = Release|Any CPU
		{28CBD46D-A50A-4760-ACFF-D2A8829F2528}.Debug|Any CPU.ActiveCfg = Debug|Any CPU
		{28CBD46D-A50A-4760-ACFF-D2A8829F2528}.Debug|Any CPU.Build.0 = Debug|Any CPU
		{28CBD46D-A50A-4760-ACFF-D2A8829F2528}.Release|Any CPU.ActiveCfg = Release|Any CPU
		{28CBD46D-A50A-4760-ACFF-D2A8829F2528}.Release|Any CPU.Build.0 = Release|Any CPU
		{47E96E37-B2A9-4B78-8103-E1FB0CFFBDD5}.Debug|Any CPU.ActiveCfg = Debug|Any CPU
		{47E96E37-B2A9-4B78-8103-E1FB0CFFBDD5}.Debug|Any CPU.Build.0 = Debug|Any CPU
		{47E96E37-B2A9-4B78-8103-E1FB0CFFBDD5}.Release|Any CPU.ActiveCfg = Release|Any CPU
		{47E96E37-B2A9-4B78-8103-E1FB0CFFBDD5}.Release|Any CPU.Build.0 = Release|Any CPU
		{6BEFD8F7-EF79-4E1D-BCE7-0C9B3B9B9B4E}.Debug|Any CPU.ActiveCfg = Debug|Any CPU
		{6BEFD8F7-EF79-4E1D-BCE7-0C9B3B9B9B4E}.Debug|Any CPU.Build.0 = Debug|Any CPU
		{6BEFD8F7-EF79-4E1D-BCE7-0C9B3B9B9B4E}.Release|Any CPU.ActiveCfg = Release|Any CPU
		{6BEFD8F7-EF79-4E1D-BCE7-0C9B3B9B9B4E}.Release|Any CPU.Build.0 = Release|Any CPU
		{2CA62C64-1A5F-4CE3-A5DB-C9A1E820D7D1}.Debug|Any CPU.ActiveCfg = Debug|Any CPU
		{2CA62C64-1A5F-4CE3-A5DB-C9A1E820D7D1}.Debug|Any CPU.Build.0 = Debug|Any CPU
		{2CA62C64-1A5F-4CE3-A5DB-C9A1E820D7D1}.Release|Any CPU.ActiveCfg = Release|Any CPU
		{2CA62C64-1A5F-4CE3-A5DB-C9A1E820D7D1}.Release|Any CPU.Build.0 = Release|Any CPU
		{DC27B6FA-8CF3-469C-9E59-B418B6A10F1C}.Debug|Any CPU.ActiveCfg = Debug|Any CPU
		{DC27B6FA-8CF3-469C-9E59-B418B6A10F1C}.Debug|Any CPU.Build.0 = Debug|Any CPU
		{DC27B6FA-8CF3-469C-9E59-B418B6A10F1C}.Release|Any CPU.ActiveCfg = Release|Any CPU
		{DC27B6FA-8CF3-469C-9E59-B418B6A10F1C}.Release|Any CPU.Build.0 = Release|Any CPU
		{1AD64690-7538-4CED-9499-427B207C3F54}.Debug|Any CPU.ActiveCfg = Debug|Any CPU
		{1AD64690-7538-4CED-9499-427B207C3F54}.Debug|Any CPU.Build.0 = Debug|Any CPU
		{1AD64690-7538-4CED-9499-427B207C3F54}.Release|Any CPU.ActiveCfg = Release|Any CPU
		{1AD64690-7538-4CED-9499-427B207C3F54}.Release|Any CPU.Build.0 = Release|Any CPU
		{11A3468F-9DC0-45D4-919B-9102E5EB760F}.Debug|Any CPU.ActiveCfg = Debug|Any CPU
		{11A3468F-9DC0-45D4-919B-9102E5EB760F}.Debug|Any CPU.Build.0 = Debug|Any CPU
		{11A3468F-9DC0-45D4-919B-9102E5EB760F}.Release|Any CPU.ActiveCfg = Release|Any CPU
		{11A3468F-9DC0-45D4-919B-9102E5EB760F}.Release|Any CPU.Build.0 = Release|Any CPU
		{3036EE19-5C87-4BED-ADA8-A24575A3C7D1}.Debug|Any CPU.ActiveCfg = Debug|Any CPU
		{3036EE19-5C87-4BED-ADA8-A24575A3C7D1}.Debug|Any CPU.Build.0 = Debug|Any CPU
		{3036EE19-5C87-4BED-ADA8-A24575A3C7D1}.Release|Any CPU.ActiveCfg = Release|Any CPU
		{3036EE19-5C87-4BED-ADA8-A24575A3C7D1}.Release|Any CPU.Build.0 = Release|Any CPU
		{63DB14C1-1EC2-4838-91D5-DFC2953CA0DA}.Debug|Any CPU.ActiveCfg = Debug|Any CPU
		{63DB14C1-1EC2-4838-91D5-DFC2953CA0DA}.Debug|Any CPU.Build.0 = Debug|Any CPU
		{63DB14C1-1EC2-4838-91D5-DFC2953CA0DA}.Release|Any CPU.ActiveCfg = Release|Any CPU
		{63DB14C1-1EC2-4838-91D5-DFC2953CA0DA}.Release|Any CPU.Build.0 = Release|Any CPU
		{998DD8C1-5F59-4679-A90E-58EF68CA5ADA}.Debug|Any CPU.ActiveCfg = Debug|Any CPU
		{998DD8C1-5F59-4679-A90E-58EF68CA5ADA}.Debug|Any CPU.Build.0 = Debug|Any CPU
		{998DD8C1-5F59-4679-A90E-58EF68CA5ADA}.Release|Any CPU.ActiveCfg = Release|Any CPU
		{998DD8C1-5F59-4679-A90E-58EF68CA5ADA}.Release|Any CPU.Build.0 = Release|Any CPU
		{A0303808-BEE0-4B3F-B682-85AA209B9529}.Debug|Any CPU.ActiveCfg = Debug|Any CPU
		{A0303808-BEE0-4B3F-B682-85AA209B9529}.Debug|Any CPU.Build.0 = Debug|Any CPU
		{A0303808-BEE0-4B3F-B682-85AA209B9529}.Release|Any CPU.ActiveCfg = Release|Any CPU
		{A0303808-BEE0-4B3F-B682-85AA209B9529}.Release|Any CPU.Build.0 = Release|Any CPU
		{F0195AF3-D770-462F-97AF-3463671DE0E9}.Debug|Any CPU.ActiveCfg = Debug|Any CPU
		{F0195AF3-D770-462F-97AF-3463671DE0E9}.Debug|Any CPU.Build.0 = Debug|Any CPU
		{F0195AF3-D770-462F-97AF-3463671DE0E9}.Release|Any CPU.ActiveCfg = Release|Any CPU
		{F0195AF3-D770-462F-97AF-3463671DE0E9}.Release|Any CPU.Build.0 = Release|Any CPU
		{9C439A4E-D584-4BF7-9919-8CBA517BA096}.Debug|Any CPU.ActiveCfg = Debug|Any CPU
		{9C439A4E-D584-4BF7-9919-8CBA517BA096}.Debug|Any CPU.Build.0 = Debug|Any CPU
		{9C439A4E-D584-4BF7-9919-8CBA517BA096}.Release|Any CPU.ActiveCfg = Release|Any CPU
		{9C439A4E-D584-4BF7-9919-8CBA517BA096}.Release|Any CPU.Build.0 = Release|Any CPU
		{8A74EB18-8BE8-4E0B-8BF4-17ECACF5066F}.Debug|Any CPU.ActiveCfg = Debug|Any CPU
		{8A74EB18-8BE8-4E0B-8BF4-17ECACF5066F}.Debug|Any CPU.Build.0 = Debug|Any CPU
		{8A74EB18-8BE8-4E0B-8BF4-17ECACF5066F}.Release|Any CPU.ActiveCfg = Release|Any CPU
		{8A74EB18-8BE8-4E0B-8BF4-17ECACF5066F}.Release|Any CPU.Build.0 = Release|Any CPU
		{C27A8BEC-2FD8-44E8-A456-E0D3535E45A1}.Debug|Any CPU.ActiveCfg = Debug|Any CPU
		{C27A8BEC-2FD8-44E8-A456-E0D3535E45A1}.Debug|Any CPU.Build.0 = Debug|Any CPU
		{C27A8BEC-2FD8-44E8-A456-E0D3535E45A1}.Release|Any CPU.ActiveCfg = Release|Any CPU
		{C27A8BEC-2FD8-44E8-A456-E0D3535E45A1}.Release|Any CPU.Build.0 = Release|Any CPU
		{E91C84E1-6672-4F5D-A60C-D897A5A4FB7C}.Debug|Any CPU.ActiveCfg = Debug|Any CPU
		{E91C84E1-6672-4F5D-A60C-D897A5A4FB7C}.Debug|Any CPU.Build.0 = Debug|Any CPU
		{E91C84E1-6672-4F5D-A60C-D897A5A4FB7C}.Release|Any CPU.ActiveCfg = Release|Any CPU
		{E91C84E1-6672-4F5D-A60C-D897A5A4FB7C}.Release|Any CPU.Build.0 = Release|Any CPU
		{27EC9DEB-9536-4F54-A22D-11A401DDC0D1}.Debug|Any CPU.ActiveCfg = Debug|Any CPU
		{27EC9DEB-9536-4F54-A22D-11A401DDC0D1}.Debug|Any CPU.Build.0 = Debug|Any CPU
		{27EC9DEB-9536-4F54-A22D-11A401DDC0D1}.Release|Any CPU.ActiveCfg = Release|Any CPU
		{27EC9DEB-9536-4F54-A22D-11A401DDC0D1}.Release|Any CPU.Build.0 = Release|Any CPU
		{AFDBE926-9ADF-4E6F-AFD7-1F63516292A5}.Debug|Any CPU.ActiveCfg = Debug|Any CPU
		{AFDBE926-9ADF-4E6F-AFD7-1F63516292A5}.Debug|Any CPU.Build.0 = Debug|Any CPU
		{AFDBE926-9ADF-4E6F-AFD7-1F63516292A5}.Release|Any CPU.ActiveCfg = Release|Any CPU
		{AFDBE926-9ADF-4E6F-AFD7-1F63516292A5}.Release|Any CPU.Build.0 = Release|Any CPU
		{224864EF-2392-4F5A-B6F7-772F20D0E91B}.Debug|Any CPU.ActiveCfg = Debug|Any CPU
		{224864EF-2392-4F5A-B6F7-772F20D0E91B}.Debug|Any CPU.Build.0 = Debug|Any CPU
		{224864EF-2392-4F5A-B6F7-772F20D0E91B}.Release|Any CPU.ActiveCfg = Release|Any CPU
		{224864EF-2392-4F5A-B6F7-772F20D0E91B}.Release|Any CPU.Build.0 = Release|Any CPU
		{5305B57E-4515-47C6-B33C-1DFB31384576}.Debug|Any CPU.ActiveCfg = Debug|Any CPU
		{5305B57E-4515-47C6-B33C-1DFB31384576}.Debug|Any CPU.Build.0 = Debug|Any CPU
		{5305B57E-4515-47C6-B33C-1DFB31384576}.Release|Any CPU.ActiveCfg = Release|Any CPU
		{5305B57E-4515-47C6-B33C-1DFB31384576}.Release|Any CPU.Build.0 = Release|Any CPU
		{7AAF679E-1A12-40E6-917C-9B395F5640FB}.Debug|Any CPU.ActiveCfg = Debug|Any CPU
		{7AAF679E-1A12-40E6-917C-9B395F5640FB}.Debug|Any CPU.Build.0 = Debug|Any CPU
		{7AAF679E-1A12-40E6-917C-9B395F5640FB}.Release|Any CPU.ActiveCfg = Release|Any CPU
		{7AAF679E-1A12-40E6-917C-9B395F5640FB}.Release|Any CPU.Build.0 = Release|Any CPU
		{72018387-7FCD-41F0-B89F-8B10B0B36A00}.Debug|Any CPU.ActiveCfg = Debug|Any CPU
		{72018387-7FCD-41F0-B89F-8B10B0B36A00}.Debug|Any CPU.Build.0 = Debug|Any CPU
		{72018387-7FCD-41F0-B89F-8B10B0B36A00}.Release|Any CPU.ActiveCfg = Release|Any CPU
		{72018387-7FCD-41F0-B89F-8B10B0B36A00}.Release|Any CPU.Build.0 = Release|Any CPU
		{2FC5DF38-DDD5-4875-B7D2-E09B3B4C0C1F}.Debug|Any CPU.ActiveCfg = Debug|Any CPU
		{2FC5DF38-DDD5-4875-B7D2-E09B3B4C0C1F}.Debug|Any CPU.Build.0 = Debug|Any CPU
		{2FC5DF38-DDD5-4875-B7D2-E09B3B4C0C1F}.Release|Any CPU.ActiveCfg = Release|Any CPU
		{2FC5DF38-DDD5-4875-B7D2-E09B3B4C0C1F}.Release|Any CPU.Build.0 = Release|Any CPU
	EndGlobalSection
	GlobalSection(SolutionProperties) = preSolution
		HideSolutionNode = FALSE
	EndGlobalSection
	GlobalSection(NestedProjects) = preSolution
		{CF41BFFF-3AB1-443A-BE10-36ADE1E2E4F0} = {CE589C92-BC78-44A7-BF65-CB3F486E2A17}
		{BC4B42C1-0D6B-4505-9E72-5EC1B4BEC82A} = {CF41BFFF-3AB1-443A-BE10-36ADE1E2E4F0}
		{9EAB8E08-384F-4C94-A6D7-FB8CC60F5AAB} = {CF41BFFF-3AB1-443A-BE10-36ADE1E2E4F0}
		{110F97E0-58BF-4293-8786-CFA711628517} = {CE589C92-BC78-44A7-BF65-CB3F486E2A17}
		{2A1FE72D-7786-425D-AE54-19E63834F31A} = {110F97E0-58BF-4293-8786-CFA711628517}
		{BD0CF692-EB2A-4FC3-9F64-6072C2B143A2} = {110F97E0-58BF-4293-8786-CFA711628517}
		{EE710244-CD04-4FD6-80FB-C012CFABDEAC} = {CE589C92-BC78-44A7-BF65-CB3F486E2A17}
		{630A5365-559A-4095-BF86-E2E442BC4E1D} = {EE710244-CD04-4FD6-80FB-C012CFABDEAC}
		{28CBD46D-A50A-4760-ACFF-D2A8829F2528} = {EE710244-CD04-4FD6-80FB-C012CFABDEAC}
		{026706F1-6DF6-4418-BABA-8B7B39736A4E} = {CE589C92-BC78-44A7-BF65-CB3F486E2A17}
		{47E96E37-B2A9-4B78-8103-E1FB0CFFBDD5} = {026706F1-6DF6-4418-BABA-8B7B39736A4E}
		{6BEFD8F7-EF79-4E1D-BCE7-0C9B3B9B9B4E} = {026706F1-6DF6-4418-BABA-8B7B39736A4E}
		{B7C06774-096A-4B66-A221-6818A844128C} = {CE589C92-BC78-44A7-BF65-CB3F486E2A17}
		{2CA62C64-1A5F-4CE3-A5DB-C9A1E820D7D1} = {B7C06774-096A-4B66-A221-6818A844128C}
		{DC27B6FA-8CF3-469C-9E59-B418B6A10F1C} = {B7C06774-096A-4B66-A221-6818A844128C}
		{CA05FEAA-D9D9-4C4A-BCB7-54762C70D2D0} = {CE589C92-BC78-44A7-BF65-CB3F486E2A17}
		{1AD64690-7538-4CED-9499-427B207C3F54} = {CA05FEAA-D9D9-4C4A-BCB7-54762C70D2D0}
		{11A3468F-9DC0-45D4-919B-9102E5EB760F} = {CA05FEAA-D9D9-4C4A-BCB7-54762C70D2D0}
		{72B47C90-A1B7-4408-8FEF-D74F578C65BF} = {B642AF25-81E5-4B51-9669-FAD11238753F}
		{3036EE19-5C87-4BED-ADA8-A24575A3C7D1} = {72B47C90-A1B7-4408-8FEF-D74F578C65BF}
		{63DB14C1-1EC2-4838-91D5-DFC2953CA0DA} = {72B47C90-A1B7-4408-8FEF-D74F578C65BF}
		{AC2EAF91-6B71-4E2E-ACF1-441FF22E99EE} = {B642AF25-81E5-4B51-9669-FAD11238753F}
		{998DD8C1-5F59-4679-A90E-58EF68CA5ADA} = {AC2EAF91-6B71-4E2E-ACF1-441FF22E99EE}
		{A0303808-BEE0-4B3F-B682-85AA209B9529} = {AC2EAF91-6B71-4E2E-ACF1-441FF22E99EE}
		{F0195AF3-D770-462F-97AF-3463671DE0E9} = {AC2EAF91-6B71-4E2E-ACF1-441FF22E99EE}
		{739F3D5A-54EE-479A-A9EB-2CEC74ACED68} = {B642AF25-81E5-4B51-9669-FAD11238753F}
		{9C439A4E-D584-4BF7-9919-8CBA517BA096} = {739F3D5A-54EE-479A-A9EB-2CEC74ACED68}
		{8A74EB18-8BE8-4E0B-8BF4-17ECACF5066F} = {739F3D5A-54EE-479A-A9EB-2CEC74ACED68}
		{C27A8BEC-2FD8-44E8-A456-E0D3535E45A1} = {739F3D5A-54EE-479A-A9EB-2CEC74ACED68}
		{B6EE1DFE-A4FD-4AB4-A6CC-E5DB36B3008C} = {B642AF25-81E5-4B51-9669-FAD11238753F}
		{E91C84E1-6672-4F5D-A60C-D897A5A4FB7C} = {B6EE1DFE-A4FD-4AB4-A6CC-E5DB36B3008C}
		{27EC9DEB-9536-4F54-A22D-11A401DDC0D1} = {B6EE1DFE-A4FD-4AB4-A6CC-E5DB36B3008C}
		{AFDBE926-9ADF-4E6F-AFD7-1F63516292A5} = {B6EE1DFE-A4FD-4AB4-A6CC-E5DB36B3008C}
		{E16629FC-4EB6-48D2-A8CA-8CEB7098B33C} = {B642AF25-81E5-4B51-9669-FAD11238753F}
		{224864EF-2392-4F5A-B6F7-772F20D0E91B} = {E16629FC-4EB6-48D2-A8CA-8CEB7098B33C}
		{5305B57E-4515-47C6-B33C-1DFB31384576} = {E16629FC-4EB6-48D2-A8CA-8CEB7098B33C}
		{7AAF679E-1A12-40E6-917C-9B395F5640FB} = {E16629FC-4EB6-48D2-A8CA-8CEB7098B33C}
		{457E0693-D6DF-43C4-BE1A-82B30E5D0BF8} = {B642AF25-81E5-4B51-9669-FAD11238753F}
		{72018387-7FCD-41F0-B89F-8B10B0B36A00} = {457E0693-D6DF-43C4-BE1A-82B30E5D0BF8}
		{2FC5DF38-DDD5-4875-B7D2-E09B3B4C0C1F} = {457E0693-D6DF-43C4-BE1A-82B30E5D0BF8}
	EndGlobalSection
	GlobalSection(ExtensibilityGlobals) = postSolution
		SolutionGuid = {BFC2701C-4E23-469D-AFD1-3380FF84E0DE}
	EndGlobalSection
EndGlobal
