
Microsoft Visual Studio Solution File, Format Version 12.00
# Visual Studio 15
VisualStudioVersion = 15.0.27703.2000
MinimumVisualStudioVersion = 10.0.40219.1
Project("{9A19103F-16F7-4668-BE54-9A1E7A4F7556}") = "RabbitMQProduct", "RabbitMQProduct\RabbitMQProduct.csproj", "{D2740216-6147-4E48-955B-90CEAB83178A}"
EndProject
Project("{9A19103F-16F7-4668-BE54-9A1E7A4F7556}") = "RabbitMQConsumer", "RabbitMQConsumer\RabbitMQConsumer.csproj", "{7E82DF3A-49F3-4A82-A902-7F84ECB624C7}"
EndProject
Project("{2150E333-8FDC-42A3-9474-1A3956D46DE8}") = "01Hellow World", "01Hellow World", "{CF41BFFF-3AB1-443A-BE10-36ADE1E2E4F0}"
EndProject
Project("{2150E333-8FDC-42A3-9474-1A3956D46DE8}") = "官方文档", "官方文档", "{CE589C92-BC78-44A7-BF65-CB3F486E2A17}"
EndProject
Project("{FAE04EC0-301F-11D3-BF4B-00C04F79EFBC}") = "Send", "Send\Send.csproj", "{BC4B42C1-0D6B-4505-9E72-5EC1B4BEC82A}"
EndProject
Project("{FAE04EC0-301F-11D3-BF4B-00C04F79EFBC}") = "Receive", "Receive\Receive.csproj", "{9EAB8E08-384F-4C94-A6D7-FB8CC60F5AAB}"
EndProject
Project("{2150E333-8FDC-42A3-9474-1A3956D46DE8}") = "02Work Queues", "02Work Queues", "{110F97E0-58BF-4293-8786-CFA711628517}"
EndProject
Project("{FAE04EC0-301F-11D3-BF4B-00C04F79EFBC}") = "NewTask", "NewTask\NewTask.csproj", "{2A1FE72D-7786-425D-AE54-19E63834F31A}"
EndProject
Project("{FAE04EC0-301F-11D3-BF4B-00C04F79EFBC}") = "Worker", "Worker\Worker.csproj", "{BD0CF692-EB2A-4FC3-9F64-6072C2B143A2}"
EndProject
Project("{2150E333-8FDC-42A3-9474-1A3956D46DE8}") = "03发布订阅", "03发布订阅", "{EE710244-CD04-4FD6-80FB-C012CFABDEAC}"
EndProject
Project("{FAE04EC0-301F-11D3-BF4B-00C04F79EFBC}") = "EmitLog", "EmitLog\EmitLog.csproj", "{630A5365-559A-4095-BF86-E2E442BC4E1D}"
EndProject
Project("{FAE04EC0-301F-11D3-BF4B-00C04F79EFBC}") = "ReceiveLogs", "ReceiveLogs\ReceiveLogs.csproj", "{28CBD46D-A50A-4760-ACFF-D2A8829F2528}"
EndProject
Global
	GlobalSection(SolutionConfigurationPlatforms) = preSolution
		Debug|Any CPU = Debug|Any CPU
		Release|Any CPU = Release|Any CPU
	EndGlobalSection
	GlobalSection(ProjectConfigurationPlatforms) = postSolution
		{D2740216-6147-4E48-955B-90CEAB83178A}.Debug|Any CPU.ActiveCfg = Debug|Any CPU
		{D2740216-6147-4E48-955B-90CEAB83178A}.Debug|Any CPU.Build.0 = Debug|Any CPU
		{D2740216-6147-4E48-955B-90CEAB83178A}.Release|Any CPU.ActiveCfg = Release|Any CPU
		{D2740216-6147-4E48-955B-90CEAB83178A}.Release|Any CPU.Build.0 = Release|Any CPU
		{7E82DF3A-49F3-4A82-A902-7F84ECB624C7}.Debug|Any CPU.ActiveCfg = Debug|Any CPU
		{7E82DF3A-49F3-4A82-A902-7F84ECB624C7}.Debug|Any CPU.Build.0 = Debug|Any CPU
		{7E82DF3A-49F3-4A82-A902-7F84ECB624C7}.Release|Any CPU.ActiveCfg = Release|Any CPU
		{7E82DF3A-49F3-4A82-A902-7F84ECB624C7}.Release|Any CPU.Build.0 = Release|Any CPU
		{BC4B42C1-0D6B-4505-9E72-5EC1B4BEC82A}.Debug|Any CPU.ActiveCfg = Debug|Any CPU
		{BC4B42C1-0D6B-4505-9E72-5EC1B4BEC82A}.Debug|Any CPU.Build.0 = Debug|Any CPU
		{BC4B42C1-0D6B-4505-9E72-5EC1B4BEC82A}.Release|Any CPU.ActiveCfg = Release|Any CPU
		{BC4B42C1-0D6B-4505-9E72-5EC1B4BEC82A}.Release|Any CPU.Build.0 = Release|Any CPU
		{9EAB8E08-384F-4C94-A6D7-FB8CC60F5AAB}.Debug|Any CPU.ActiveCfg = Debug|Any CPU
		{9EAB8E08-384F-4C94-A6D7-FB8CC60F5AAB}.Debug|Any CPU.Build.0 = Debug|Any CPU
		{9EAB8E08-384F-4C94-A6D7-FB8CC60F5AAB}.Release|Any CPU.ActiveCfg = Release|Any CPU
		{9EAB8E08-384F-4C94-A6D7-FB8CC60F5AAB}.Release|Any CPU.Build.0 = Release|Any CPU
		{2A1FE72D-7786-425D-AE54-19E63834F31A}.Debug|Any CPU.ActiveCfg = Debug|Any CPU
		{2A1FE72D-7786-425D-AE54-19E63834F31A}.Debug|Any CPU.Build.0 = Debug|Any CPU
		{2A1FE72D-7786-425D-AE54-19E63834F31A}.Release|Any CPU.ActiveCfg = Release|Any CPU
		{2A1FE72D-7786-425D-AE54-19E63834F31A}.Release|Any CPU.Build.0 = Release|Any CPU
		{BD0CF692-EB2A-4FC3-9F64-6072C2B143A2}.Debug|Any CPU.ActiveCfg = Debug|Any CPU
		{BD0CF692-EB2A-4FC3-9F64-6072C2B143A2}.Debug|Any CPU.Build.0 = Debug|Any CPU
		{BD0CF692-EB2A-4FC3-9F64-6072C2B143A2}.Release|Any CPU.ActiveCfg = Release|Any CPU
		{BD0CF692-EB2A-4FC3-9F64-6072C2B143A2}.Release|Any CPU.Build.0 = Release|Any CPU
		{630A5365-559A-4095-BF86-E2E442BC4E1D}.Debug|Any CPU.ActiveCfg = Debug|Any CPU
		{630A5365-559A-4095-BF86-E2E442BC4E1D}.Debug|Any CPU.Build.0 = Debug|Any CPU
		{630A5365-559A-4095-BF86-E2E442BC4E1D}.Release|Any CPU.ActiveCfg = Release|Any CPU
		{630A5365-559A-4095-BF86-E2E442BC4E1D}.Release|Any CPU.Build.0 = Release|Any CPU
		{28CBD46D-A50A-4760-ACFF-D2A8829F2528}.Debug|Any CPU.ActiveCfg = Debug|Any CPU
		{28CBD46D-A50A-4760-ACFF-D2A8829F2528}.Debug|Any CPU.Build.0 = Debug|Any CPU
		{28CBD46D-A50A-4760-ACFF-D2A8829F2528}.Release|Any CPU.ActiveCfg = Release|Any CPU
		{28CBD46D-A50A-4760-ACFF-D2A8829F2528}.Release|Any CPU.Build.0 = Release|Any CPU
	EndGlobalSection
	GlobalSection(SolutionProperties) = preSolution
		HideSolutionNode = FALSE
	EndGlobalSection
	GlobalSection(NestedProjects) = preSolution
		{CF41BFFF-3AB1-443A-BE10-36ADE1E2E4F0} = {CE589C92-BC78-44A7-BF65-CB3F486E2A17}
		{BC4B42C1-0D6B-4505-9E72-5EC1B4BEC82A} = {CF41BFFF-3AB1-443A-BE10-36ADE1E2E4F0}
		{9EAB8E08-384F-4C94-A6D7-FB8CC60F5AAB} = {CF41BFFF-3AB1-443A-BE10-36ADE1E2E4F0}
		{110F97E0-58BF-4293-8786-CFA711628517} = {CE589C92-BC78-44A7-BF65-CB3F486E2A17}
		{2A1FE72D-7786-425D-AE54-19E63834F31A} = {110F97E0-58BF-4293-8786-CFA711628517}
		{BD0CF692-EB2A-4FC3-9F64-6072C2B143A2} = {110F97E0-58BF-4293-8786-CFA711628517}
		{EE710244-CD04-4FD6-80FB-C012CFABDEAC} = {CE589C92-BC78-44A7-BF65-CB3F486E2A17}
		{630A5365-559A-4095-BF86-E2E442BC4E1D} = {EE710244-CD04-4FD6-80FB-C012CFABDEAC}
		{28CBD46D-A50A-4760-ACFF-D2A8829F2528} = {EE710244-CD04-4FD6-80FB-C012CFABDEAC}
	EndGlobalSection
	GlobalSection(ExtensibilityGlobals) = postSolution
		SolutionGuid = {BFC2701C-4E23-469D-AFD1-3380FF84E0DE}
	EndGlobalSection
EndGlobal
